
Microsoft Visual Studio Solution File, Format Version 12.00
# Visual Studio Version 16
VisualStudioVersion = 16.0.30503.244
MinimumVisualStudioVersion = 10.0.40219.1
Project("{FAE04EC0-301F-11D3-BF4B-00C04F79EFBC}") = "Arquitecture", "Arquitecture\Arquitecture.csproj", "{47F378EE-DF71-4BFC-AF82-30D649E703A4}"
EndProject
Project("{FAE04EC0-301F-11D3-BF4B-00C04F79EFBC}") = "DataLayer", "DataLayer\DataLayer.csproj", "{024AAF60-A18D-45BD-89F3-1AF91DF2AA0D}"
EndProject
Project("{FAE04EC0-301F-11D3-BF4B-00C04F79EFBC}") = "BussinesLayer", "BussinesLayer\BussinesLayer.csproj", "{D32169DF-DC65-4388-A652-C74C148E08F9}"
EndProject
Global
	GlobalSection(SolutionConfigurationPlatforms) = preSolution
		Debug|Any CPU = Debug|Any CPU
		Release|Any CPU = Release|Any CPU
	EndGlobalSection
	GlobalSection(ProjectConfigurationPlatforms) = postSolution
		{47F378EE-DF71-4BFC-AF82-30D649E703A4}.Debug|Any CPU.ActiveCfg = Debug|Any CPU
		{47F378EE-DF71-4BFC-AF82-30D649E703A4}.Debug|Any CPU.Build.0 = Debug|Any CPU
		{47F378EE-DF71-4BFC-AF82-30D649E703A4}.Release|Any CPU.ActiveCfg = Release|Any CPU
		{47F378EE-DF71-4BFC-AF82-30D649E703A4}.Release|Any CPU.Build.0 = Release|Any CPU
		{024AAF60-A18D-45BD-89F3-1AF91DF2AA0D}.Debug|Any CPU.ActiveCfg = Debug|Any CPU
		{024AAF60-A18D-45BD-89F3-1AF91DF2AA0D}.Debug|Any CPU.Build.0 = Debug|Any CPU
		{024AAF60-A18D-45BD-89F3-1AF91DF2AA0D}.Release|Any CPU.ActiveCfg = Release|Any CPU
		{024AAF60-A18D-45BD-89F3-1AF91DF2AA0D}.Release|Any CPU.Build.0 = Release|Any CPU
		{D32169DF-DC65-4388-A652-C74C148E08F9}.Debug|Any CPU.ActiveCfg = Debug|Any CPU
		{D32169DF-DC65-4388-A652-C74C148E08F9}.Debug|Any CPU.Build.0 = Debug|Any CPU
		{D32169DF-DC65-4388-A652-C74C148E08F9}.Release|Any CPU.ActiveCfg = Release|Any CPU
		{D32169DF-DC65-4388-A652-C74C148E08F9}.Release|Any CPU.Build.0 = Release|Any CPU
	EndGlobalSection
	GlobalSection(SolutionProperties) = preSolution
		HideSolutionNode = FALSE
	EndGlobalSection
	GlobalSection(ExtensibilityGlobals) = postSolution
		SolutionGuid = {4F11E0D2-0A28-4A89-8423-97E5EF01B322}
	EndGlobalSection
EndGlobal
